<?xml version="1.0" encoding="UTF-8"?>
<Scheme LastUpgradeVersion = "9999" version = "1.3">
  <BuildAction parallelizeBuildables = "YES" buildImplicitDependencies = "YES">
    <BuildActionEntries>
      <BuildActionEntry buildForTesting = "YES" buildForRunning = "YES" buildForProfiling = "YES" buildForArchiving = "YES" buildForAnalyzing = "YES">
        <BuildableReference
          BuildableIdentifier = "primary"
          BlueprintIdentifier = "______Target_LoggerAPI"
          BuildableName = "'lib$(TARGET_NAME)'"
          BlueprintName = "LoggerAPI"
          ReferencedContainer = "container:configservice.xcodeproj">
        </BuildableReference>
      </BuildActionEntry>
      <BuildActionEntry buildForTesting = "YES" buildForRunning = "YES" buildForProfiling = "YES" buildForArchiving = "YES" buildForAnalyzing = "YES">
        <BuildableReference
          BuildableIdentifier = "primary"
          BlueprintIdentifier = "______Target_Socket"
          BuildableName = "'lib$(TARGET_NAME)'"
          BlueprintName = "Socket"
          ReferencedContainer = "container:configservice.xcodeproj">
        </BuildableReference>
      </BuildActionEntry>
      <BuildActionEntry buildForTesting = "YES" buildForRunning = "YES" buildForProfiling = "YES" buildForArchiving = "YES" buildForAnalyzing = "YES">
        <BuildableReference
          BuildableIdentifier = "primary"
          BlueprintIdentifier = "______Target_CHTTPParser"
          BuildableName = "'lib$(TARGET_NAME)'"
          BlueprintName = "CHTTPParser"
          ReferencedContainer = "container:configservice.xcodeproj">
        </BuildableReference>
      </BuildActionEntry>
      <BuildActionEntry buildForTesting = "YES" buildForRunning = "YES" buildForProfiling = "YES" buildForArchiving = "YES" buildForAnalyzing = "YES">
        <BuildableReference
          BuildableIdentifier = "primary"
          BlueprintIdentifier = "______Target_SSLService"
          BuildableName = "'lib$(TARGET_NAME)'"
          BlueprintName = "SSLService"
          ReferencedContainer = "container:configservice.xcodeproj">
        </BuildableReference>
      </BuildActionEntry>
      <BuildActionEntry buildForTesting = "YES" buildForRunning = "YES" buildForProfiling = "YES" buildForArchiving = "YES" buildForAnalyzing = "YES">
        <BuildableReference
          BuildableIdentifier = "primary"
          BlueprintIdentifier = "______Target_KituraNet"
          BuildableName = "'lib$(TARGET_NAME)'"
          BlueprintName = "KituraNet"
          ReferencedContainer = "container:configservice.xcodeproj">
        </BuildableReference>
      </BuildActionEntry>
      <BuildActionEntry buildForTesting = "YES" buildForRunning = "YES" buildForProfiling = "YES" buildForArchiving = "YES" buildForAnalyzing = "YES">
        <BuildableReference
          BuildableIdentifier = "primary"
          BlueprintIdentifier = "______Target_SwiftyJSON"
          BuildableName = "'lib$(TARGET_NAME)'"
          BlueprintName = "SwiftyJSON"
          ReferencedContainer = "container:configservice.xcodeproj">
        </BuildableReference>
      </BuildActionEntry>
      <BuildActionEntry buildForTesting = "YES" buildForRunning = "YES" buildForProfiling = "YES" buildForArchiving = "YES" buildForAnalyzing = "YES">
        <BuildableReference
          BuildableIdentifier = "primary"
          BlueprintIdentifier = "______Target_KituraTemplateEngine"
          BuildableName = "'lib$(TARGET_NAME)'"
          BlueprintName = "KituraTemplateEngine"
          ReferencedContainer = "container:configservice.xcodeproj">
        </BuildableReference>
      </BuildActionEntry>
      <BuildActionEntry buildForTesting = "YES" buildForRunning = "YES" buildForProfiling = "YES" buildForArchiving = "YES" buildForAnalyzing = "YES">
        <BuildableReference
          BuildableIdentifier = "primary"
          BlueprintIdentifier = "______Target_Kitura"
          BuildableName = "'lib$(TARGET_NAME)'"
          BlueprintName = "Kitura"
          ReferencedContainer = "container:configservice.xcodeproj">
        </BuildableReference>
      </BuildActionEntry>
      <BuildActionEntry buildForTesting = "YES" buildForRunning = "YES" buildForProfiling = "YES" buildForArchiving = "YES" buildForAnalyzing = "YES">
        <BuildableReference
          BuildableIdentifier = "primary"
          BlueprintIdentifier = "______Target_HeliumLogger"
          BuildableName = "'lib$(TARGET_NAME)'"
          BlueprintName = "HeliumLogger"
          ReferencedContainer = "container:configservice.xcodeproj">
        </BuildableReference>
      </BuildActionEntry>
      <BuildActionEntry buildForTesting = "YES" buildForRunning = "YES" buildForProfiling = "YES" buildForArchiving = "YES" buildForAnalyzing = "YES">
        <BuildableReference
          BuildableIdentifier = "primary"
          BlueprintIdentifier = "______Target_StatsD"
          BuildableName = "'lib$(TARGET_NAME)'"
          BlueprintName = "StatsD"
          ReferencedContainer = "container:configservice.xcodeproj">
        </BuildableReference>
      </BuildActionEntry>
      <BuildActionEntry buildForTesting = "YES" buildForRunning = "YES" buildForProfiling = "YES" buildForArchiving = "YES" buildForAnalyzing = "YES">
        <BuildableReference
          BuildableIdentifier = "primary"
          BlueprintIdentifier = "______Target_configservice"
          BuildableName = "'lib$(TARGET_NAME)'"
          BlueprintName = "configservice"
          ReferencedContainer = "container:configservice.xcodeproj">
        </BuildableReference>
      </BuildActionEntry>
      <BuildActionEntry buildForTesting = "YES" buildForRunning = "YES" buildForProfiling = "YES" buildForArchiving = "YES" buildForAnalyzing = "YES">
        <BuildableReference
          BuildableIdentifier = "primary"
          BlueprintIdentifier = "______Target_configserviceApp"
          BuildableName = "'$(TARGET_NAME)'"
          BlueprintName = "configserviceApp"
          ReferencedContainer = "container:configservice.xcodeproj">
        </BuildableReference>
      </BuildActionEntry>
    </BuildActionEntries>
  </BuildAction>
  <TestAction
    buildConfiguration = "Debug"
    selectedDebuggerIdentifier = "Xcode.DebuggerFoundation.Debugger.LLDB"
    selectedLauncherIdentifier = "Xcode.DebuggerFoundation.Launcher.LLDB"
    shouldUseLaunchSchemeArgsEnv = "YES"
    codeCoverageEnabled = "NO">
    <Testables>
    <TestableReference
      skipped = "NO">
      <BuildableReference
        BuildableIdentifier = "primary"
        BlueprintIdentifier = "______Target_configserviceTests"
        BuildableName = "'$(TARGET_NAME)'"
        BlueprintName = "configserviceTests"
        ReferencedContainer = "container:configservice.xcodeproj">
      </BuildableReference>
    </TestableReference>
    </Testables>
  </TestAction>
</Scheme>
